# CNTX closed dependency artifact lock, format 1.
# Candidate status: Proposed and non-executed under issue #143.
# This is a separate corrective lock revision, not an instruction to contact a network.
# A later exact authority must separately authorize acquisition and verify every byte.

format = 1
runtime_name = "CPython"
runtime_version = "3.13.14"
implementation_identity = "https://github.com/CNTX-PROJECT/CNTX/implementations/minimal-validation-integrity-slice/python-jsonschema"
implementation_version = "1.0.1"

[[artifact]]
name = "jsonschema"
version = "4.26.0"
filename = "jsonschema-4.26.0-py3-none-any.whl"
python_tag = "py3"
abi_tag = "none"
platform_tag = "any"
size = 90630
sha256 = "d489f15263b8d200f8387e64b4c3a75f06629559fb73deb8fdfb525f2dab50ce"
origin = "https://files.pythonhosted.org/packages/69/90/f63fb5873511e014207a475e2bb4e8b2e570d655b00ac19a9a0ca0a385ee/jsonschema-4.26.0-py3-none-any.whl"

[[artifact]]
name = "attrs"
version = "26.1.0"
filename = "attrs-26.1.0-py3-none-any.whl"
python_tag = "py3"
abi_tag = "none"
platform_tag = "any"
size = 67548
sha256 = "c647aa4a12dfbad9333ca4e71fe62ddc36f4e63b2d260a37a8b83d2f043ac309"
origin = "https://files.pythonhosted.org/packages/64/b4/17d4b0b2a2dc85a6df63d1157e028ed19f90d4cd97c36717afef2bc2f395/attrs-26.1.0-py3-none-any.whl"

[[artifact]]
name = "jsonschema-specifications"
version = "2025.9.1"
filename = "jsonschema_specifications-2025.9.1-py3-none-any.whl"
python_tag = "py3"
abi_tag = "none"
platform_tag = "any"
size = 18437
sha256 = "98802fee3a11ee76ecaca44429fda8a41bff98b00a0f2838151b113f210cc6fe"
origin = "https://files.pythonhosted.org/packages/41/45/1a4ed80516f02155c51f51e8cedb3c1902296743db0bbc66608a0db2814f/jsonschema_specifications-2025.9.1-py3-none-any.whl"

[[artifact]]
name = "referencing"
version = "0.37.0"
filename = "referencing-0.37.0-py3-none-any.whl"
python_tag = "py3"
abi_tag = "none"
platform_tag = "any"
size = 26766
sha256 = "381329a9f99628c9069361716891d34ad94af76e461dcb0335825aecc7692231"
origin = "https://files.pythonhosted.org/packages/2c/58/ca301544e1fa93ed4f80d724bf5b194f6e4b945841c5bfd555878eea9fcb/referencing-0.37.0-py3-none-any.whl"

[[artifact]]
name = "rpds-py"
version = "2026.6.3"
filename = "rpds_py-2026.6.3-cp313-cp313-win_amd64.whl"
python_tag = "cp313"
abi_tag = "cp313"
platform_tag = "win_amd64"
size = 219454
sha256 = "9250a9a0a6fd4648b3f868da8d91a4c52b5811a62df58e753d50ae4454a36f80"
origin = "https://files.pythonhosted.org/packages/7b/ed/a03b09668e74e5dabbf2e211f6468e1820c0552f7b0500082da31841bf7b/rpds_py-2026.6.3-cp313-cp313-win_amd64.whl"

# Artifact pins are retained exactly from the historical Accepted acquisition set.
# This revision is Windows-acquisition-specific and makes no Linux, macOS,
# source-distribution, multi-platform, compatibility, or portability claim.
# Exact artifact bytes, origin authenticity, and installability remain
# unverified until separately authorized acquisition.
